
Microsoft Visual Studio Solution File, Format Version 12.00
Project("{FAE04EC0-301F-11D3-BF4B-00C04F79EFBC}") = "ExtendedString", "ExtendedString\ExtendedString.csproj", "{5480A60F-9E65-49A2-AE38-6C8318F4CB1B}"
EndProject
Project("{FAE04EC0-301F-11D3-BF4B-00C04F79EFBC}") = "TestBox", "TestBox\TestBox.csproj", "{AC0BDB9E-DCA7-40D8-BDD5-DF9F45B1DFB1}"
EndProject
Project("{FAE04EC0-301F-11D3-BF4B-00C04F79EFBC}") = "ExtendedStringTests", "ExtendedStringTests\ExtendedStringTests\ExtendedStringTests.csproj", "{E261ED8E-F77B-45EC-A0B8-2236A6564608}"
EndProject
Global
	GlobalSection(SolutionConfigurationPlatforms) = preSolution
		Debug|Any CPU = Debug|Any CPU
		Release|Any CPU = Release|Any CPU
	EndGlobalSection
	GlobalSection(ProjectConfigurationPlatforms) = postSolution
		{5480A60F-9E65-49A2-AE38-6C8318F4CB1B}.Debug|Any CPU.ActiveCfg = Debug|Any CPU
		{5480A60F-9E65-49A2-AE38-6C8318F4CB1B}.Debug|Any CPU.Build.0 = Debug|Any CPU
		{5480A60F-9E65-49A2-AE38-6C8318F4CB1B}.Release|Any CPU.ActiveCfg = Release|Any CPU
		{5480A60F-9E65-49A2-AE38-6C8318F4CB1B}.Release|Any CPU.Build.0 = Release|Any CPU
		{AC0BDB9E-DCA7-40D8-BDD5-DF9F45B1DFB1}.Debug|Any CPU.ActiveCfg = Debug|Any CPU
		{AC0BDB9E-DCA7-40D8-BDD5-DF9F45B1DFB1}.Debug|Any CPU.Build.0 = Debug|Any CPU
		{AC0BDB9E-DCA7-40D8-BDD5-DF9F45B1DFB1}.Release|Any CPU.ActiveCfg = Release|Any CPU
		{AC0BDB9E-DCA7-40D8-BDD5-DF9F45B1DFB1}.Release|Any CPU.Build.0 = Release|Any CPU
		{E261ED8E-F77B-45EC-A0B8-2236A6564608}.Debug|Any CPU.ActiveCfg = Debug|Any CPU
		{E261ED8E-F77B-45EC-A0B8-2236A6564608}.Debug|Any CPU.Build.0 = Debug|Any CPU
		{E261ED8E-F77B-45EC-A0B8-2236A6564608}.Release|Any CPU.ActiveCfg = Release|Any CPU
		{E261ED8E-F77B-45EC-A0B8-2236A6564608}.Release|Any CPU.Build.0 = Release|Any CPU
	EndGlobalSection
EndGlobal
